
Microsoft Visual Studio Solution File, Format Version 12.00
# Visual Studio Version 17
VisualStudioVersion = 17.12.35514.174
MinimumVisualStudioVersion = 10.0.40219.1
Project("{2150E333-8FDC-42A3-9474-1A3956D46DE8}") = "Task0", "Task0", "{AF1539A5-0000-44E6-BED8-4B54BBA23586}"
	ProjectSection(SolutionItems) = preProject
		Tyuiu.MaslennikovVA.Sprint0.Task0.V0 = Tyuiu.MaslennikovVA.Sprint0.Task0.V0
	EndProjectSection
EndProject
Project("{2150E333-8FDC-42A3-9474-1A3956D46DE8}") = "Task1", "Task1", "{89804BAA-483E-4F53-BAE5-8EC1088E774B}"
	ProjectSection(SolutionItems) = preProject
		Tyuiu.MaslennikovVA.Sprint0.Task1.V0 = Tyuiu.MaslennikovVA.Sprint0.Task1.V0
	EndProjectSection
EndProject
Project("{2150E333-8FDC-42A3-9474-1A3956D46DE8}") = "Task2", "Task2", "{80CB8160-D5E5-4006-849C-630DD4FA0BDD}"
EndProject
Project("{FAE04EC0-301F-11D3-BF4B-00C04F79EFBC}") = "Tyuiu.MalennikovVA.Sprint0.Task2.V0", "Tyuiu.MalennikovVa.Sprint0.Task2.V0\Tyuiu.MalennikovVA.Sprint0.Task2.V0.csproj", "{0D91149D-BD47-4442-B196-5C73FDEAFDEC}"
EndProject
Project("{FAE04EC0-301F-11D3-BF4B-00C04F79EFBC}") = "Tyuiu.MaslennikovVA.Sprint0.Task2.V0.Lib", "Tyuiu.MaslennikovVA.Sprint0.Task2.V0.Lib\Tyuiu.MaslennikovVA.Sprint0.Task2.V0.Lib.csproj", "{2AD45B4E-2554-4FD7-9B26-A2CD0D982FAC}"
EndProject
Project("{FAE04EC0-301F-11D3-BF4B-00C04F79EFBC}") = "Tyuiu.MaslennikovVA.Sprint0.Task2.V0.Test", "Tyuiu.MaslennikovVA.Sprint0.Task2.V0.Test\Tyuiu.MaslennikovVA.Sprint0.Task2.V0.Test.csproj", "{E91083CD-D441-40FB-8F83-ADA05C6D0D71}"
EndProject
Global
	GlobalSection(SolutionConfigurationPlatforms) = preSolution
		Debug|Any CPU = Debug|Any CPU
		Release|Any CPU = Release|Any CPU
	EndGlobalSection
	GlobalSection(ProjectConfigurationPlatforms) = postSolution
		{0D91149D-BD47-4442-B196-5C73FDEAFDEC}.Debug|Any CPU.ActiveCfg = Debug|Any CPU
		{0D91149D-BD47-4442-B196-5C73FDEAFDEC}.Debug|Any CPU.Build.0 = Debug|Any CPU
		{0D91149D-BD47-4442-B196-5C73FDEAFDEC}.Release|Any CPU.ActiveCfg = Release|Any CPU
		{0D91149D-BD47-4442-B196-5C73FDEAFDEC}.Release|Any CPU.Build.0 = Release|Any CPU
		{2AD45B4E-2554-4FD7-9B26-A2CD0D982FAC}.Debug|Any CPU.ActiveCfg = Debug|Any CPU
		{2AD45B4E-2554-4FD7-9B26-A2CD0D982FAC}.Debug|Any CPU.Build.0 = Debug|Any CPU
		{2AD45B4E-2554-4FD7-9B26-A2CD0D982FAC}.Release|Any CPU.ActiveCfg = Release|Any CPU
		{2AD45B4E-2554-4FD7-9B26-A2CD0D982FAC}.Release|Any CPU.Build.0 = Release|Any CPU
		{E91083CD-D441-40FB-8F83-ADA05C6D0D71}.Debug|Any CPU.ActiveCfg = Debug|Any CPU
		{E91083CD-D441-40FB-8F83-ADA05C6D0D71}.Debug|Any CPU.Build.0 = Debug|Any CPU
		{E91083CD-D441-40FB-8F83-ADA05C6D0D71}.Release|Any CPU.ActiveCfg = Release|Any CPU
		{E91083CD-D441-40FB-8F83-ADA05C6D0D71}.Release|Any CPU.Build.0 = Release|Any CPU
	EndGlobalSection
	GlobalSection(SolutionProperties) = preSolution
		HideSolutionNode = FALSE
	EndGlobalSection
	GlobalSection(NestedProjects) = preSolution
		{0D91149D-BD47-4442-B196-5C73FDEAFDEC} = {80CB8160-D5E5-4006-849C-630DD4FA0BDD}
		{2AD45B4E-2554-4FD7-9B26-A2CD0D982FAC} = {80CB8160-D5E5-4006-849C-630DD4FA0BDD}
		{E91083CD-D441-40FB-8F83-ADA05C6D0D71} = {80CB8160-D5E5-4006-849C-630DD4FA0BDD}
	EndGlobalSection
EndGlobal
