
Microsoft Visual Studio Solution File, Format Version 12.00
# Visual Studio Version 17
VisualStudioVersion = 17.12.35514.174
MinimumVisualStudioVersion = 10.0.40219.1
Project("{2150E333-8FDC-42A3-9474-1A3956D46DE8}") = "Task0", "Task0", "{AF1539A5-0000-44E6-BED8-4B54BBA23586}"
	ProjectSection(SolutionItems) = preProject
		Tyuiu.MaslennikovVA.Sprint0.Task0.V0 = Tyuiu.MaslennikovVA.Sprint0.Task0.V0
	EndProjectSection
EndProject
Project("{2150E333-8FDC-42A3-9474-1A3956D46DE8}") = "Task1", "Task1", "{89804BAA-483E-4F53-BAE5-8EC1088E774B}"
	ProjectSection(SolutionItems) = preProject
		Tyuiu.MaslennikovVA.Sprint0.Task1.V0 = Tyuiu.MaslennikovVA.Sprint0.Task1.V0
	EndProjectSection
EndProject
Project("{2150E333-8FDC-42A3-9474-1A3956D46DE8}") = "Task2", "Task2", "{4374DCE4-E345-4328-B6F7-34FA1F7FB5DD}"
EndProject
Project("{FAE04EC0-301F-11D3-BF4B-00C04F79EFBC}") = "Tyuiu.MaslennikovVA.Sprint0.Task2.V0", "Tyuiu.MaslennikovVA.Sprint0.Task2.V0\Tyuiu.MaslennikovVA.Sprint0.Task2.V0.csproj", "{30BE7902-08D1-4C06-B84F-D16B9E37BA76}"
EndProject
Project("{FAE04EC0-301F-11D3-BF4B-00C04F79EFBC}") = "Tyuiu.MaslennikovVA.Sprint0.Task2.V0.Lib", "Tyuiu.MaslennikovVA.Sprint0.Task2.V0.Lib\Tyuiu.MaslennikovVA.Sprint0.Task2.V0.Lib.csproj", "{13E0230F-FE9E-409D-87F9-FC0BE66E4DD7}"
EndProject
Project("{FAE04EC0-301F-11D3-BF4B-00C04F79EFBC}") = "Tyuiu.MaslennikovVA.Sprint0.Task2.V0.Test", "Tyuiu.MaslennikovVA.Sprint0.Task2.V0.Test\Tyuiu.MaslennikovVA.Sprint0.Task2.V0.Test.csproj", "{3A271C9A-B894-462D-AC29-FF6EF93FB93B}"
EndProject
Project("{2150E333-8FDC-42A3-9474-1A3956D46DE8}") = "Task3", "Task3", "{19D48A73-52E5-45FE-B53C-6667F72EF8BA}"
EndProject
Project("{FAE04EC0-301F-11D3-BF4B-00C04F79EFBC}") = "Tyuiu.MaslennikovVA.Sprint0.Task3.V0", "Tyuiu.MaslennikovVA.Sprint0.Task3.V0\Tyuiu.MaslennikovVA.Sprint0.Task3.V0.csproj", "{CDBC2CBF-1689-48F8-A9D0-5997DED02F64}"
EndProject
Project("{FAE04EC0-301F-11D3-BF4B-00C04F79EFBC}") = "Tyuiu.MaslennikovVA.Sprint0.Task3.V0.Lib", "Tyuiu.MaslennikovVA.Sprint0.Task3.V0.Lib\Tyuiu.MaslennikovVA.Sprint0.Task3.V0.Lib.csproj", "{DC38197A-E077-4949-81AA-756A5F4ECBE2}"
EndProject
Project("{FAE04EC0-301F-11D3-BF4B-00C04F79EFBC}") = "Tyuiu.MaslennikovVA.Sprint0.Task3.V0.Test", "Tyuiu.SpirinIS.Sprint0.Task3.V0.Test\Tyuiu.MaslennikovVA.Sprint0.Task3.V0.Test.csproj", "{3C2F7ED2-7836-4AF5-AB66-5F1BB6E6384E}"
EndProject
Project("{2150E333-8FDC-42A3-9474-1A3956D46DE8}") = "Task4", "Task4", "{20968476-1725-4739-9E53-738EF70ED4C3}"
EndProject
Project("{FAE04EC0-301F-11D3-BF4B-00C04F79EFBC}") = "Tyuiu.MaslennikovVA.Sprint0.Task4.V0", "Tyuiu.MaslennikovVA.Sprint0.Task4.V0\Tyuiu.MaslennikovVA.Sprint0.Task4.V0.csproj", "{E5FFCF1E-7003-438E-8F34-1C420DC355B2}"
EndProject
Project("{FAE04EC0-301F-11D3-BF4B-00C04F79EFBC}") = "Tyuiu.MaslennikovVA.Sprint0.Task4.V0.Lib", "Tyuiu.MaslennikovVA.Sprint0.Task4.V0.Lib\Tyuiu.MaslennikovVA.Sprint0.Task4.V0.Lib.csproj", "{56F8BD23-F715-4519-904F-7E98B75362B0}"
EndProject
Project("{FAE04EC0-301F-11D3-BF4B-00C04F79EFBC}") = "Tyuiu.MaslennikovVA.Sprint0.Task4.V0.Test", "Tyuiu.MaslennikovVA.Sprint0.Task4.V0.Test\Tyuiu.MaslennikovVA.Sprint0.Task4.V0.Test.csproj", "{0D5C3C16-60E4-48CF-9EED-7A36BA55C894}"
EndProject
Global
	GlobalSection(SolutionConfigurationPlatforms) = preSolution
		Debug|Any CPU = Debug|Any CPU
		Release|Any CPU = Release|Any CPU
	EndGlobalSection
	GlobalSection(ProjectConfigurationPlatforms) = postSolution
		{30BE7902-08D1-4C06-B84F-D16B9E37BA76}.Debug|Any CPU.ActiveCfg = Debug|Any CPU
		{30BE7902-08D1-4C06-B84F-D16B9E37BA76}.Debug|Any CPU.Build.0 = Debug|Any CPU
		{30BE7902-08D1-4C06-B84F-D16B9E37BA76}.Release|Any CPU.ActiveCfg = Release|Any CPU
		{30BE7902-08D1-4C06-B84F-D16B9E37BA76}.Release|Any CPU.Build.0 = Release|Any CPU
		{13E0230F-FE9E-409D-87F9-FC0BE66E4DD7}.Debug|Any CPU.ActiveCfg = Debug|Any CPU
		{13E0230F-FE9E-409D-87F9-FC0BE66E4DD7}.Debug|Any CPU.Build.0 = Debug|Any CPU
		{13E0230F-FE9E-409D-87F9-FC0BE66E4DD7}.Release|Any CPU.ActiveCfg = Release|Any CPU
		{13E0230F-FE9E-409D-87F9-FC0BE66E4DD7}.Release|Any CPU.Build.0 = Release|Any CPU
		{3A271C9A-B894-462D-AC29-FF6EF93FB93B}.Debug|Any CPU.ActiveCfg = Debug|Any CPU
		{3A271C9A-B894-462D-AC29-FF6EF93FB93B}.Debug|Any CPU.Build.0 = Debug|Any CPU
		{3A271C9A-B894-462D-AC29-FF6EF93FB93B}.Release|Any CPU.ActiveCfg = Release|Any CPU
		{3A271C9A-B894-462D-AC29-FF6EF93FB93B}.Release|Any CPU.Build.0 = Release|Any CPU
		{CDBC2CBF-1689-48F8-A9D0-5997DED02F64}.Debug|Any CPU.ActiveCfg = Debug|Any CPU
		{CDBC2CBF-1689-48F8-A9D0-5997DED02F64}.Debug|Any CPU.Build.0 = Debug|Any CPU
		{CDBC2CBF-1689-48F8-A9D0-5997DED02F64}.Release|Any CPU.ActiveCfg = Release|Any CPU
		{CDBC2CBF-1689-48F8-A9D0-5997DED02F64}.Release|Any CPU.Build.0 = Release|Any CPU
		{DC38197A-E077-4949-81AA-756A5F4ECBE2}.Debug|Any CPU.ActiveCfg = Debug|Any CPU
		{DC38197A-E077-4949-81AA-756A5F4ECBE2}.Debug|Any CPU.Build.0 = Debug|Any CPU
		{DC38197A-E077-4949-81AA-756A5F4ECBE2}.Release|Any CPU.ActiveCfg = Release|Any CPU
		{DC38197A-E077-4949-81AA-756A5F4ECBE2}.Release|Any CPU.Build.0 = Release|Any CPU
		{3C2F7ED2-7836-4AF5-AB66-5F1BB6E6384E}.Debug|Any CPU.ActiveCfg = Debug|Any CPU
		{3C2F7ED2-7836-4AF5-AB66-5F1BB6E6384E}.Debug|Any CPU.Build.0 = Debug|Any CPU
		{3C2F7ED2-7836-4AF5-AB66-5F1BB6E6384E}.Release|Any CPU.ActiveCfg = Release|Any CPU
		{3C2F7ED2-7836-4AF5-AB66-5F1BB6E6384E}.Release|Any CPU.Build.0 = Release|Any CPU
		{E5FFCF1E-7003-438E-8F34-1C420DC355B2}.Debug|Any CPU.ActiveCfg = Debug|Any CPU
		{E5FFCF1E-7003-438E-8F34-1C420DC355B2}.Debug|Any CPU.Build.0 = Debug|Any CPU
		{E5FFCF1E-7003-438E-8F34-1C420DC355B2}.Release|Any CPU.ActiveCfg = Release|Any CPU
		{E5FFCF1E-7003-438E-8F34-1C420DC355B2}.Release|Any CPU.Build.0 = Release|Any CPU
		{56F8BD23-F715-4519-904F-7E98B75362B0}.Debug|Any CPU.ActiveCfg = Debug|Any CPU
		{56F8BD23-F715-4519-904F-7E98B75362B0}.Debug|Any CPU.Build.0 = Debug|Any CPU
		{56F8BD23-F715-4519-904F-7E98B75362B0}.Release|Any CPU.ActiveCfg = Release|Any CPU
		{56F8BD23-F715-4519-904F-7E98B75362B0}.Release|Any CPU.Build.0 = Release|Any CPU
		{0D5C3C16-60E4-48CF-9EED-7A36BA55C894}.Debug|Any CPU.ActiveCfg = Debug|Any CPU
		{0D5C3C16-60E4-48CF-9EED-7A36BA55C894}.Debug|Any CPU.Build.0 = Debug|Any CPU
		{0D5C3C16-60E4-48CF-9EED-7A36BA55C894}.Release|Any CPU.ActiveCfg = Release|Any CPU
		{0D5C3C16-60E4-48CF-9EED-7A36BA55C894}.Release|Any CPU.Build.0 = Release|Any CPU
	EndGlobalSection
	GlobalSection(SolutionProperties) = preSolution
		HideSolutionNode = FALSE
	EndGlobalSection
	GlobalSection(NestedProjects) = preSolution
		{30BE7902-08D1-4C06-B84F-D16B9E37BA76} = {4374DCE4-E345-4328-B6F7-34FA1F7FB5DD}
		{13E0230F-FE9E-409D-87F9-FC0BE66E4DD7} = {4374DCE4-E345-4328-B6F7-34FA1F7FB5DD}
		{3A271C9A-B894-462D-AC29-FF6EF93FB93B} = {4374DCE4-E345-4328-B6F7-34FA1F7FB5DD}
		{CDBC2CBF-1689-48F8-A9D0-5997DED02F64} = {19D48A73-52E5-45FE-B53C-6667F72EF8BA}
		{DC38197A-E077-4949-81AA-756A5F4ECBE2} = {19D48A73-52E5-45FE-B53C-6667F72EF8BA}
		{3C2F7ED2-7836-4AF5-AB66-5F1BB6E6384E} = {19D48A73-52E5-45FE-B53C-6667F72EF8BA}
		{E5FFCF1E-7003-438E-8F34-1C420DC355B2} = {20968476-1725-4739-9E53-738EF70ED4C3}
		{56F8BD23-F715-4519-904F-7E98B75362B0} = {20968476-1725-4739-9E53-738EF70ED4C3}
		{0D5C3C16-60E4-48CF-9EED-7A36BA55C894} = {20968476-1725-4739-9E53-738EF70ED4C3}
	EndGlobalSection
EndGlobal
